// !$*UTF8*$!
{
	archiveVersion = 1;
	classes = {
	};
	objectVersion = 46;
	objects = {

/* Begin PBXBuildFile section */
		B13E5EA71C1321F000FCB95D /* main.m in Sources */ = {isa = PBXBuildFile; fileRef = B13E5EA61C1321F000FCB95D /* main.m */; };
		B13E5EAA1C1321F000FCB95D /* AppDelegate.m in Sources */ = {isa = PBXBuildFile; fileRef = B13E5EA91C1321F000FCB95D /* AppDelegate.m */; };
		B13E5EB01C1321F000FCB95D /* Main.storyboard in Resources */ = {isa = PBXBuildFile; fileRef = B13E5EAE1C1321F000FCB95D /* Main.storyboard */; };
		B13E5EB21C1321F000FCB95D /* Assets.xcassets in Resources */ = {isa = PBXBuildFile; fileRef = B13E5EB11C1321F000FCB95D /* Assets.xcassets */; };
		B13E5EB51C1321F000FCB95D /* LaunchScreen.storyboard in Resources */ = {isa = PBXBuildFile; fileRef = B13E5EB31C1321F000FCB95D /* LaunchScreen.storyboard */; };
		B13E5EC01C1321F000FCB95D /* XSPullRefreshDemoTests.m in Sources */ = {isa = PBXBuildFile; fileRef = B13E5EBF1C1321F000FCB95D /* XSPullRefreshDemoTests.m */; };
		B13E5ECB1C1321F000FCB95D /* XSPullRefreshDemoUITests.m in Sources */ = {isa = PBXBuildFile; fileRef = B13E5ECA1C1321F000FCB95D /* XSPullRefreshDemoUITests.m */; };
		B13E5EDB1C13226500FCB95D /* XSTableViewController.m in Sources */ = {isa = PBXBuildFile; fileRef = B13E5EDA1C13226500FCB95D /* XSTableViewController.m */; };
		B13E5EDE1C13253C00FCB95D /* XSPullRefreshControl.m in Sources */ = {isa = PBXBuildFile; fileRef = B13E5EDD1C13253C00FCB95D /* XSPullRefreshControl.m */; };
/* End PBXBuildFile section */

/* Begin PBXContainerItemProxy section */
		B13E5EBC1C1321F000FCB95D /* PBXContainerItemProxy */ = {
			isa = PBXContainerItemProxy;
			containerPortal = B13E5E9A1C1321F000FCB95D /* Project object */;
			proxyType = 1;
			remoteGlobalIDString = B13E5EA11C1321F000FCB95D;
			remoteInfo = XSPullRefreshDemo;
		};
		B13E5EC71C1321F000FCB95D /* PBXContainerItemProxy */ = {
			isa = PBXContainerItemProxy;
			containerPortal = B13E5E9A1C1321F000FCB95D /* Project object */;
			proxyType = 1;
			remoteGlobalIDString = B13E5EA11C1321F000FCB95D;
			remoteInfo = XSPullRefreshDemo;
		};
/* End PBXContainerItemProxy section */

/* Begin PBXFileReference section */
		B13E5EA21C1321F000FCB95D /* XSPullRefreshDemo.app */ = {isa = PBXFileReference; explicitFileType = wrapper.application; includeInIndex = 0; path = XSPullRefreshDemo.app; sourceTree = BUILT_PRODUCTS_DIR; };
		B13E5EA61C1321F000FCB95D /* main.m */ = {isa = PBXFileReference; lastKnownFileType = sourcecode.c.objc; path = main.m; sourceTree = "<group>"; };
		B13E5EA81C1321F000FCB95D /* AppDelegate.h */ = {isa = PBXFileReference; lastKnownFileType = sourcecode.c.h; path = AppDelegate.h; sourceTree = "<group>"; };
		B13E5EA91C1321F000FCB95D /* AppDelegate.m */ = {isa = PBXFileReference; lastKnownFileType = sourcecode.c.objc; path = AppDelegate.m; sourceTree = "<group>"; };
		B13E5EAF1C1321F000FCB95D /* Base */ = {isa = PBXFileReference; lastKnownFileType = file.storyboard; name = Base; path = Base.lproj/Main.storyboard; sourceTree = "<group>"; };
		B13E5EB11C1321F000FCB95D /* Assets.xcassets */ = {isa = PBXFileReference; lastKnownFileType = folder.assetcatalog; path = Assets.xcassets; sourceTree = "<group>"; };
		B13E5EB41C1321F000FCB95D /* Base */ = {isa = PBXFileReference; lastKnownFileType = file.storyboard; name = Base; path = Base.lproj/LaunchScreen.storyboard; sourceTree = "<group>"; };
		B13E5EB61C1321F000FCB95D /* Info.plist */ = {isa = PBXFileReference; lastKnownFileType = text.plist.xml; path = Info.plist; sourceTree = "<group>"; };
		B13E5EBB1C1321F000FCB95D /* XSPullRefreshDemoTests.xctest */ = {isa = PBXFileReference; explicitFileType = wrapper.cfbundle; includeInIndex = 0; path = XSPullRefreshDemoTests.xctest; sourceTree = BUILT_PRODUCTS_DIR; };
		B13E5EBF1C1321F000FCB95D /* XSPullRefreshDemoTests.m */ = {isa = PBXFileReference; lastKnownFileType = sourcecode.c.objc; path = XSPullRefreshDemoTests.m; sourceTree = "<group>"; };
		B13E5EC11C1321F000FCB95D /* Info.plist */ = {isa = PBXFileReference; lastKnownFileType = text.plist.xml; path = Info.plist; sourceTree = "<group>"; };
		B13E5EC61C1321F000FCB95D /* XSPullRefreshDemoUITests.xctest */ = {isa = PBXFileReference; explicitFileType = wrapper.cfbundle; includeInIndex = 0; path = XSPullRefreshDemoUITests.xctest; sourceTree = BUILT_PRODUCTS_DIR; };
		B13E5ECA1C1321F000FCB95D /* XSPullRefreshDemoUITests.m */ = {isa = PBXFileReference; lastKnownFileType = sourcecode.c.objc; path = XSPullRefreshDemoUITests.m; sourceTree = "<group>"; };
		B13E5ECC1C1321F000FCB95D /* Info.plist */ = {isa = PBXFileReference; lastKnownFileType = text.plist.xml; path = Info.plist; sourceTree = "<group>"; };
		B13E5ED91C13226500FCB95D /* XSTableViewController.h */ = {isa = PBXFileReference; fileEncoding = 4; lastKnownFileType = sourcecode.c.h; path = XSTableViewController.h; sourceTree = "<group>"; };
		B13E5EDA1C13226500FCB95D /* XSTableViewController.m */ = {isa = PBXFileReference; fileEncoding = 4; lastKnownFileType = sourcecode.c.objc; path = XSTableViewController.m; sourceTree = "<group>"; };
		B13E5EDC1C13253C00FCB95D /* XSPullRefreshControl.h */ = {isa = PBXFileReference; fileEncoding = 4; lastKnownFileType = sourcecode.c.h; path = XSPullRefreshControl.h; sourceTree = "<group>"; };
		B13E5EDD1C13253C00FCB95D /* XSPullRefreshControl.m */ = {isa = PBXFileReference; fileEncoding = 4; lastKnownFileType = sourcecode.c.objc; path = XSPullRefreshControl.m; sourceTree = "<group>"; };
/* End PBXFileReference section */

/* Begin PBXFrameworksBuildPhase section */
		B13E5E9F1C1321F000FCB95D /* Frameworks */ = {
			isa = PBXFrameworksBuildPhase;
			buildActionMask = 2147483647;
			files = (
			);
			runOnlyForDeploymentPostprocessing = 0;
		};
		B13E5EB81C1321F000FCB95D /* Frameworks */ = {
			isa = PBXFrameworksBuildPhase;
			buildActionMask = 2147483647;
			files = (
			);
			runOnlyForDeploymentPostprocessing = 0;
		};
		B13E5EC31C1321F000FCB95D /* Frameworks */ = {
			isa = PBXFrameworksBuildPhase;
			buildActionMask = 2147483647;
			files = (
			);
			runOnlyForDeploymentPostprocessing = 0;
		};
/* End PBXFrameworksBuildPhase section */

/* Begin PBXGroup section */
		B13E5E991C1321F000FCB95D = {
			isa = PBXGroup;
			children = (
				B13E5EA41C1321F000FCB95D /* XSPullRefreshDemo */,
				B13E5EBE1C1321F000FCB95D /* XSPullRefreshDemoTests */,
				B13E5EC91C1321F000FCB95D /* XSPullRefreshDemoUITests */,
				B13E5EA31C1321F000FCB95D /* Products */,
			);
			sourceTree = "<group>";
		};
		B13E5EA31C1321F000FCB95D /* Products */ = {
			isa = PBXGroup;
			children = (
				B13E5EA21C1321F000FCB95D /* XSPullRefreshDemo.app */,
				B13E5EBB1C1321F000FCB95D /* XSPullRefreshDemoTests.xctest */,
				B13E5EC61C1321F000FCB95D /* XSPullRefreshDemoUITests.xctest */,
			);
			name = Products;
			sourceTree = "<group>";
		};
		B13E5EA41C1321F000FCB95D /* XSPullRefreshDemo */ = {
			isa = PBXGroup;
			children = (
				B13E5ED81C13224300FCB95D /* XSPullRefreshControl */,
				B13E5EAE1C1321F000FCB95D /* Main.storyboard */,
				B13E5ED91C13226500FCB95D /* XSTableViewController.h */,
				B13E5EDA1C13226500FCB95D /* XSTableViewController.m */,
				B13E5EB11C1321F000FCB95D /* Assets.xcassets */,
				B13E5EA51C1321F000FCB95D /* Supporting Files */,
			);
			path = XSPullRefreshDemo;
			sourceTree = "<group>";
		};
		B13E5EA51C1321F000FCB95D /* Supporting Files */ = {
			isa = PBXGroup;
			children = (
				B13E5EA81C1321F000FCB95D /* AppDelegate.h */,
				B13E5EA91C1321F000FCB95D /* AppDelegate.m */,
				B13E5EB31C1321F000FCB95D /* LaunchScreen.storyboard */,
				B13E5EB61C1321F000FCB95D /* Info.plist */,
				B13E5EA61C1321F000FCB95D /* main.m */,
			);
			name = "Supporting Files";
			sourceTree = "<group>";
		};
		B13E5EBE1C1321F000FCB95D /* XSPullRefreshDemoTests */ = {
			isa = PBXGroup;
			children = (
				B13E5EBF1C1321F000FCB95D /* XSPullRefreshDemoTests.m */,
				B13E5EC11C1321F000FCB95D /* Info.plist */,
			);
			path = XSPullRefreshDemoTests;
			sourceTree = "<group>";
		};
		B13E5EC91C1321F000FCB95D /* XSPullRefreshDemoUITests */ = {
			isa = PBXGroup;
			children = (
				B13E5ECA1C1321F000FCB95D /* XSPullRefreshDemoUITests.m */,
				B13E5ECC1C1321F000FCB95D /* Info.plist */,
			);
			path = XSPullRefreshDemoUITests;
			sourceTree = "<group>";
		};
		B13E5ED81C13224300FCB95D /* XSPullRefreshControl */ = {
			isa = PBXGroup;
			children = (
				B13E5EDC1C13253C00FCB95D /* XSPullRefreshControl.h */,
				B13E5EDD1C13253C00FCB95D /* XSPullRefreshControl.m */,
			);
			path = XSPullRefreshControl;
			sourceTree = "<group>";
		};
/* End PBXGroup section */

/* Begin PBXNativeTarget section */
		B13E5EA11C1321F000FCB95D /* XSPullRefreshDemo */ = {
			isa = PBXNativeTarget;
			buildConfigurationList = B13E5ECF1C1321F000FCB95D /* Build configuration list for PBXNativeTarget "XSPullRefreshDemo" */;
			buildPhases = (
				B13E5E9E1C1321F000FCB95D /* Sources */,
				B13E5E9F1C1321F000FCB95D /* Frameworks */,
				B13E5EA01C1321F000FCB95D /* Resources */,
			);
			buildRules = (
			);
			dependencies = (
			);
			name = XSPullRefreshDemo;
			productName = XSPullRefreshDemo;
			productReference = B13E5EA21C1321F000FCB95D /* XSPullRefreshDemo.app */;
			productType = "com.apple.product-type.application";
		};
		B13E5EBA1C1321F000FCB95D /* XSPullRefreshDemoTests */ = {
			isa = PBXNativeTarget;
			buildConfigurationList = B13E5ED21C1321F000FCB95D /* Build configuration list for PBXNativeTarget "XSPullRefreshDemoTests" */;
			buildPhases = (
				B13E5EB71C1321F000FCB95D /* Sources */,
				B13E5EB81C1321F000FCB95D /* Frameworks */,
				B13E5EB91C1321F000FCB95D /* Resources */,
			);
			buildRules = (
			);
			dependencies = (
				B13E5EBD1C1321F000FCB95D /* PBXTargetDependency */,
			);
			name = XSPullRefreshDemoTests;
			productName = XSPullRefreshDemoTests;
			productReference = B13E5EBB1C1321F000FCB95D /* XSPullRefreshDemoTests.xctest */;
			productType = "com.apple.product-type.bundle.unit-test";
		};
		B13E5EC51C1321F000FCB95D /* XSPullRefreshDemoUITests */ = {
			isa = PBXNativeTarget;
			buildConfigurationList = B13E5ED51C1321F000FCB95D /* Build configuration list for PBXNativeTarget "XSPullRefreshDemoUITests" */;
			buildPhases = (
				B13E5EC21C1321F000FCB95D /* Sources */,
				B13E5EC31C1321F000FCB95D /* Frameworks */,
				B13E5EC41C1321F000FCB95D /* Resources */,
			);
			buildRules = (
			);
			dependencies = (
				B13E5EC81C1321F000FCB95D /* PBXTargetDependency */,
			);
			name = XSPullRefreshDemoUITests;
			productName = XSPullRefreshDemoUITests;
			productReference = B13E5EC61C1321F000FCB95D /* XSPullRefreshDemoUITests.xctest */;
			productType = "com.apple.product-type.bundle.ui-testing";
		};
/* End PBXNativeTarget section */

/* Begin PBXProject section */
		B13E5E9A1C1321F000FCB95D /* Project object */ = {
			isa = PBXProject;
			attributes = {
				LastUpgradeCheck = 0710;
				ORGANIZATIONNAME = XueSeason;
				TargetAttributes = {
					B13E5EA11C1321F000FCB95D = {
						CreatedOnToolsVersion = 7.1.1;
					};
					B13E5EBA1C1321F000FCB95D = {
						CreatedOnToolsVersion = 7.1.1;
						TestTargetID = B13E5EA11C1321F000FCB95D;
					};
					B13E5EC51C1321F000FCB95D = {
						CreatedOnToolsVersion = 7.1.1;
						TestTargetID = B13E5EA11C1321F000FCB95D;
					};
				};
			};
			buildConfigurationList = B13E5E9D1C1321F000FCB95D /* Build configuration list for PBXProject "XSPullRefreshDemo" */;
			compatibilityVersion = "Xcode 3.2";
			developmentRegion = English;
			hasScannedForEncodings = 0;
			knownRegions = (
				en,
				Base,
			);
			mainGroup = B13E5E991C1321F000FCB95D;
			productRefGroup = B13E5EA31C1321F000FCB95D /* Products */;
			projectDirPath = "";
			projectRoot = "";
			targets = (
				B13E5EA11C1321F000FCB95D /* XSPullRefreshDemo */,
				B13E5EBA1C1321F000FCB95D /* XSPullRefreshDemoTests */,
				B13E5EC51C1321F000FCB95D /* XSPullRefreshDemoUITests */,
			);
		};
/* End PBXProject section */

/* Begin PBXResourcesBuildPhase section */
		B13E5EA01C1321F000FCB95D /* Resources */ = {
			isa = PBXResourcesBuildPhase;
			buildActionMask = 2147483647;
			files = (
				B13E5EB51C1321F000FCB95D /* LaunchScreen.storyboard in Resources */,
				B13E5EB21C1321F000FCB95D /* Assets.xcassets in Resources */,
				B13E5EB01C1321F000FCB95D /* Main.storyboard in Resources */,
			);
			runOnlyForDeploymentPostprocessing = 0;
		};
		B13E5EB91C1321F000FCB95D /* Resources */ = {
			isa = PBXResourcesBuildPhase;
			buildActionMask = 2147483647;
			files = (
			);
			runOnlyForDeploymentPostprocessing = 0;
		};
		B13E5EC41C1321F000FCB95D /* Resources */ = {
			isa = PBXResourcesBuildPhase;
			buildActionMask = 2147483647;
			files = (
			);
			runOnlyForDeploymentPostprocessing = 0;
		};
/* End PBXResourcesBuildPhase section */

/* Begin PBXSourcesBuildPhase section */
		B13E5E9E1C1321F000FCB95D /* Sources */ = {
			isa = PBXSourcesBuildPhase;
			buildActionMask = 2147483647;
			files = (
				B13E5EAA1C1321F000FCB95D /* AppDelegate.m in Sources */,
				B13E5EDE1C13253C00FCB95D /* XSPullRefreshControl.m in Sources */,
				B13E5EDB1C13226500FCB95D /* XSTableViewController.m in Sources */,
				B13E5EA71C1321F000FCB95D /* main.m in Sources */,
			);
			runOnlyForDeploymentPostprocessing = 0;
		};
		B13E5EB71C1321F000FCB95D /* Sources */ = {
			isa = PBXSourcesBuildPhase;
			buildActionMask = 2147483647;
			files = (
				B13E5EC01C1321F000FCB95D /* XSPullRefreshDemoTests.m in Sources */,
			);
			runOnlyForDeploymentPostprocessing = 0;
		};
		B13E5EC21C1321F000FCB95D /* Sources */ = {
			isa = PBXSourcesBuildPhase;
			buildActionMask = 2147483647;
			files = (
				B13E5ECB1C1321F000FCB95D /* XSPullRefreshDemoUITests.m in Sources */,
			);
			runOnlyForDeploymentPostprocessing = 0;
		};
/* End PBXSourcesBuildPhase section */

/* Begin PBXTargetDependency section */
		B13E5EBD1C1321F000FCB95D /* PBXTargetDependency */ = {
			isa = PBXTargetDependency;
			target = B13E5EA11C1321F000FCB95D /* XSPullRefreshDemo */;
			targetProxy = B13E5EBC1C1321F000FCB95D /* PBXContainerItemProxy */;
		};
		B13E5EC81C1321F000FCB95D /* PBXTargetDependency */ = {
			isa = PBXTargetDependency;
			target = B13E5EA11C1321F000FCB95D /* XSPullRefreshDemo */;
			targetProxy = B13E5EC71C1321F000FCB95D /* PBXContainerItemProxy */;
		};
/* End PBXTargetDependency section */

/* Begin PBXVariantGroup section */
		B13E5EAE1C1321F000FCB95D /* Main.storyboard */ = {
			isa = PBXVariantGroup;
			children = (
				B13E5EAF1C1321F000FCB95D /* Base */,
			);
			name = Main.storyboard;
			sourceTree = "<group>";
		};
		B13E5EB31C1321F000FCB95D /* LaunchScreen.storyboard */ = {
			isa = PBXVariantGroup;
			children = (
				B13E5EB41C1321F000FCB95D /* Base */,
			);
			name = LaunchScreen.storyboard;
			sourceTree = "<group>";
		};
/* End PBXVariantGroup section */

/* Begin XCBuildConfiguration section */
		B13E5ECD1C1321F000FCB95D /* Debug */ = {
			isa = XCBuildConfiguration;
			buildSettings = {
				ALWAYS_SEARCH_USER_PATHS = NO;
				CLANG_CXX_LANGUAGE_STANDARD = "gnu++0x";
				CLANG_CXX_LIBRARY = "libc++";
				CLANG_ENABLE_MODULES = YES;
				CLANG_ENABLE_OBJC_ARC = YES;
				CLANG_WARN_BOOL_CONVERSION = YES;
				CLANG_WARN_CONSTANT_CONVERSION = YES;
				CLANG_WARN_DIRECT_OBJC_ISA_USAGE = YES_ERROR;
				CLANG_WARN_EMPTY_BODY = YES;
				CLANG_WARN_ENUM_CONVERSION = YES;
				CLANG_WARN_INT_CONVERSION = YES;
				CLANG_WARN_OBJC_ROOT_CLASS = YES_ERROR;
				CLANG_WARN_UNREACHABLE_CODE = YES;
				CLANG_WARN__DUPLICATE_METHOD_MATCH = YES;
				"CODE_SIGN_IDENTITY[sdk=iphoneos*]" = "iPhone Developer";
				COPY_PHASE_STRIP = NO;
				DEBUG_INFORMATION_FORMAT = dwarf;
				ENABLE_STRICT_OBJC_MSGSEND = YES;
				ENABLE_TESTABILITY = YES;
				GCC_C_LANGUAGE_STANDARD = gnu99;
				GCC_DYNAMIC_NO_PIC = NO;
				GCC_NO_COMMON_BLOCKS = YES;
				GCC_OPTIMIZATION_LEVEL = 0;
				GCC_PREPROCESSOR_DEFINITIONS = (
					"DEBUG=1",
					"$(inherited)",
				);
				GCC_WARN_64_TO_32_BIT_CONVERSION = YES;
				GCC_WARN_ABOUT_RETURN_TYPE = YES_ERROR;
				GCC_WARN_UNDECLARED_SELECTOR = YES;
				GCC_WARN_UNINITIALIZED_AUTOS = YES_AGGRESSIVE;
				GCC_WARN_UNUSED_FUNCTION = YES;
				GCC_WARN_UNUSED_VARIABLE = YES;
				IPHONEOS_DEPLOYMENT_TARGET = 9.1;
				MTL_ENABLE_DEBUG_INFO = YES;
				ONLY_ACTIVE_ARCH = YES;
				SDKROOT = iphoneos;
			};
			name = Debug;
		};
		B13E5ECE1C1321F000FCB95D /* Release */ = {
			isa = XCBuildConfiguration;
			buildSettings = {
				ALWAYS_SEARCH_USER_PATHS = NO;
				CLANG_CXX_LANGUAGE_STANDARD = "gnu++0x";
				CLANG_CXX_LIBRARY = "libc++";
				CLANG_ENABLE_MODULES = YES;
				CLANG_ENABLE_OBJC_ARC = YES;
				CLANG_WARN_BOOL_CONVERSION = YES;
				CLANG_WARN_CONSTANT_CONVERSION = YES;
				CLANG_WARN_DIRECT_OBJC_ISA_USAGE = YES_ERROR;
				CLANG_WARN_EMPTY_BODY = YES;
				CLANG_WARN_ENUM_CONVERSION = YES;
				CLANG_WARN_INT_CONVERSION = YES;
				CLANG_WARN_OBJC_ROOT_CLASS = YES_ERROR;
				CLANG_WARN_UNREACHABLE_CODE = YES;
				CLANG_WARN__DUPLICATE_METHOD_MATCH = YES;
				"CODE_SIGN_IDENTITY[sdk=iphoneos*]" = "iPhone Developer";
				COPY_PHASE_STRIP = NO;
				DEBUG_INFORMATION_FORMAT = "dwarf-with-dsym";
				ENABLE_NS_ASSERTIONS = NO;
				ENABLE_STRICT_OBJC_MSGSEND = YES;
				GCC_C_LANGUAGE_STANDARD = gnu99;
				GCC_NO_COMMON_BLOCKS = YES;
				GCC_WARN_64_TO_32_BIT_CONVERSION = YES;
				GCC_WARN_ABOUT_RETURN_TYPE = YES_ERROR;
				GCC_WARN_UNDECLARED_SELECTOR = YES;
				GCC_WARN_UNINITIALIZED_AUTOS = YES_AGGRESSIVE;
				GCC_WARN_UNUSED_FUNCTION = YES;
				GCC_WARN_UNUSED_VARIABLE = YES;
				IPHONEOS_DEPLOYMENT_TARGET = 9.1;
				MTL_ENABLE_DEBUG_INFO = NO;
				SDKROOT = iphoneos;
				VALIDATE_PRODUCT = YES;
			};
			name = Release;
		};
		B13E5ED01C1321F000FCB95D /* Debug */ = {
			isa = XCBuildConfiguration;
			buildSettings = {
				ASSETCATALOG_COMPILER_APPICON_NAME = AppIcon;
				INFOPLIST_FILE = XSPullRefreshDemo/Info.plist;
				LD_RUNPATH_SEARCH_PATHS = "$(inherited) @executable_path/Frameworks";
				PRODUCT_BUNDLE_IDENTIFIER = com.Season.XSPullRefreshDemo;
				PRODUCT_NAME = "$(TARGET_NAME)";
			};
			name = Debug;
		};
		B13E5ED11C1321F000FCB95D /* Release */ = {
			isa = XCBuildConfiguration;
			buildSettings = {
				ASSETCATALOG_COMPILER_APPICON_NAME = AppIcon;
				INFOPLIST_FILE = XSPullRefreshDemo/Info.plist;
				LD_RUNPATH_SEARCH_PATHS = "$(inherited) @executable_path/Frameworks";
				PRODUCT_BUNDLE_IDENTIFIER = com.Season.XSPullRefreshDemo;
				PRODUCT_NAME = "$(TARGET_NAME)";
			};
			name = Release;
		};
		B13E5ED31C1321F000FCB95D /* Debug */ = {
			isa = XCBuildConfiguration;
			buildSettings = {
				BUNDLE_LOADER = "$(TEST_HOST)";
				INFOPLIST_FILE = XSPullRefreshDemoTests/Info.plist;
				LD_RUNPATH_SEARCH_PATHS = "$(inherited) @executable_path/Frameworks @loader_path/Frameworks";
				PRODUCT_BUNDLE_IDENTIFIER = com.Season.XSPullRefreshDemoTests;
				PRODUCT_NAME = "$(TARGET_NAME)";
				TEST_HOST = "$(BUILT_PRODUCTS_DIR)/XSPullRefreshDemo.app/XSPullRefreshDemo";
			};
			name = Debug;
		};
		B13E5ED41C1321F000FCB95D /* Release */ = {
			isa = XCBuildConfiguration;
			buildSettings = {
				BUNDLE_LOADER = "$(TEST_HOST)";
				INFOPLIST_FILE = XSPullRefreshDemoTests/Info.plist;
				LD_RUNPATH_SEARCH_PATHS = "$(inherited) @executable_path/Frameworks @loader_path/Frameworks";
				PRODUCT_BUNDLE_IDENTIFIER = com.Season.XSPullRefreshDemoTests;
				PRODUCT_NAME = "$(TARGET_NAME)";
				TEST_HOST = "$(BUILT_PRODUCTS_DIR)/XSPullRefreshDemo.app/XSPullRefreshDemo";
			};
			name = Release;
		};
		B13E5ED61C1321F000FCB95D /* Debug */ = {
			isa = XCBuildConfiguration;
			buildSettings = {
				INFOPLIST_FILE = XSPullRefreshDemoUITests/Info.plist;
				LD_RUNPATH_SEARCH_PATHS = "$(inherited) @executable_path/Frameworks @loader_path/Frameworks";
				PRODUCT_BUNDLE_IDENTIFIER = com.Season.XSPullRefreshDemoUITests;
				PRODUCT_NAME = "$(TARGET_NAME)";
				TEST_TARGET_NAME = XSPullRefreshDemo;
				USES_XCTRUNNER = YES;
			};
			name = Debug;
		};
		B13E5ED71C1321F000FCB95D /* Release */ = {
			isa = XCBuildConfiguration;
			buildSettings = {
				INFOPLIST_FILE = XSPullRefreshDemoUITests/Info.plist;
				LD_RUNPATH_SEARCH_PATHS = "$(inherited) @executable_path/Frameworks @loader_path/Frameworks";
				PRODUCT_BUNDLE_IDENTIFIER = com.Season.XSPullRefreshDemoUITests;
				PRODUCT_NAME = "$(TARGET_NAME)";
				TEST_TARGET_NAME = XSPullRefreshDemo;
				USES_XCTRUNNER = YES;
			};
			name = Release;
		};
/* End XCBuildConfiguration section */

/* Begin XCConfigurationList section */
		B13E5E9D1C1321F000FCB95D /* Build configuration list for PBXProject "XSPullRefreshDemo" */ = {
			isa = XCConfigurationList;
			buildConfigurations = (
				B13E5ECD1C1321F000FCB95D /* Debug */,
				B13E5ECE1C1321F000FCB95D /* Release */,
			);
			defaultConfigurationIsVisible = 0;
			defaultConfigurationName = Release;
		};
		B13E5ECF1C1321F000FCB95D /* Build configuration list for PBXNativeTarget "XSPullRefreshDemo" */ = {
			isa = XCConfigurationList;
			buildConfigurations = (
				B13E5ED01C1321F000FCB95D /* Debug */,
				B13E5ED11C1321F000FCB95D /* Release */,
			);
			defaultConfigurationIsVisible = 0;
		};
		B13E5ED21C1321F000FCB95D /* Build configuration list for PBXNativeTarget "XSPullRefreshDemoTests" */ = {
			isa = XCConfigurationList;
			buildConfigurations = (
				B13E5ED31C1321F000FCB95D /* Debug */,
				B13E5ED41C1321F000FCB95D /* Release */,
			);
			defaultConfigurationIsVisible = 0;
		};
		B13E5ED51C1321F000FCB95D /* Build configuration list for PBXNativeTarget "XSPullRefreshDemoUITests" */ = {
			isa = XCConfigurationList;
			buildConfigurations = (
				B13E5ED61C1321F000FCB95D /* Debug */,
				B13E5ED71C1321F000FCB95D /* Release */,
			);
			defaultConfigurationIsVisible = 0;
		};
/* End XCConfigurationList section */
	};
	rootObject = B13E5E9A1C1321F000FCB95D /* Project object */;
}
